
Microsoft Visual Studio Solution File, Format Version 12.00
# Visual Studio Version 17
VisualStudioVersion = 17.8.34511.84
MinimumVisualStudioVersion = 10.0.40219.1
Project("{2150E333-8FDC-42A3-9474-1A3956D46DE8}") = "Tools", "Tools", "{F826D3DE-4A82-4534-B420-AB14CB955986}"
EndProject
Project("{9A19103F-16F7-4668-BE54-9A1E7A4F7556}") = "WikiParser", "WikiParser\WikiParser.csproj", "{B16D4741-3B90-4991-80F1-BD72384DC859}"
EndProject
Project("{9A19103F-16F7-4668-BE54-9A1E7A4F7556}") = "SearchEngine", "SearchEngine\SearchEngine.csproj", "{EF2C4251-92E9-488D-8BB9-A443E73D2161}"
EndProject
Project("{9A19103F-16F7-4668-BE54-9A1E7A4F7556}") = "Indexer", "Indexer\Indexer.csproj", "{4D8D5FE0-FF3C-46E6-9027-0624445F64AD}"
EndProject
Project("{9A19103F-16F7-4668-BE54-9A1E7A4F7556}") = "Search.Common", "Search.Common\Search.Common.csproj", "{2B849879-284C-4E4B-BEE6-F8DDCCC9F7BC}"
EndProject
Global
	GlobalSection(SolutionConfigurationPlatforms) = preSolution
		Debug|Any CPU = Debug|Any CPU
		Release|Any CPU = Release|Any CPU
	EndGlobalSection
	GlobalSection(ProjectConfigurationPlatforms) = postSolution
		{B16D4741-3B90-4991-80F1-BD72384DC859}.Debug|Any CPU.ActiveCfg = Debug|Any CPU
		{B16D4741-3B90-4991-80F1-BD72384DC859}.Debug|Any CPU.Build.0 = Debug|Any CPU
		{B16D4741-3B90-4991-80F1-BD72384DC859}.Release|Any CPU.ActiveCfg = Release|Any CPU
		{B16D4741-3B90-4991-80F1-BD72384DC859}.Release|Any CPU.Build.0 = Release|Any CPU
		{EF2C4251-92E9-488D-8BB9-A443E73D2161}.Debug|Any CPU.ActiveCfg = Debug|Any CPU
		{EF2C4251-92E9-488D-8BB9-A443E73D2161}.Debug|Any CPU.Build.0 = Debug|Any CPU
		{EF2C4251-92E9-488D-8BB9-A443E73D2161}.Release|Any CPU.ActiveCfg = Release|Any CPU
		{EF2C4251-92E9-488D-8BB9-A443E73D2161}.Release|Any CPU.Build.0 = Release|Any CPU
		{4D8D5FE0-FF3C-46E6-9027-0624445F64AD}.Debug|Any CPU.ActiveCfg = Debug|Any CPU
		{4D8D5FE0-FF3C-46E6-9027-0624445F64AD}.Debug|Any CPU.Build.0 = Debug|Any CPU
		{4D8D5FE0-FF3C-46E6-9027-0624445F64AD}.Release|Any CPU.ActiveCfg = Release|Any CPU
		{4D8D5FE0-FF3C-46E6-9027-0624445F64AD}.Release|Any CPU.Build.0 = Release|Any CPU
		{2B849879-284C-4E4B-BEE6-F8DDCCC9F7BC}.Debug|Any CPU.ActiveCfg = Debug|Any CPU
		{2B849879-284C-4E4B-BEE6-F8DDCCC9F7BC}.Debug|Any CPU.Build.0 = Debug|Any CPU
		{2B849879-284C-4E4B-BEE6-F8DDCCC9F7BC}.Release|Any CPU.ActiveCfg = Release|Any CPU
		{2B849879-284C-4E4B-BEE6-F8DDCCC9F7BC}.Release|Any CPU.Build.0 = Release|Any CPU
	EndGlobalSection
	GlobalSection(SolutionProperties) = preSolution
		HideSolutionNode = FALSE
	EndGlobalSection
	GlobalSection(NestedProjects) = preSolution
		{B16D4741-3B90-4991-80F1-BD72384DC859} = {F826D3DE-4A82-4534-B420-AB14CB955986}
	EndGlobalSection
	GlobalSection(ExtensibilityGlobals) = postSolution
		SolutionGuid = {2850A4D4-ABF0-4D0B-8BBA-36E76838284C}
	EndGlobalSection
EndGlobal
